
Microsoft Visual Studio Solution File, Format Version 12.00
# Visual Studio Version 17
VisualStudioVersion = 17.4.33110.190
MinimumVisualStudioVersion = 10.0.40219.1
Project("{FAE04EC0-301F-11D3-BF4B-00C04F79EFBC}") = "rentals", "rentals\rentals.csproj", "{81964663-A2B9-4DF3-B5E4-73518684A74D}"
EndProject
Global
	GlobalSection(SolutionConfigurationPlatforms) = preSolution
		Debug|Any CPU = Debug|Any CPU
		Release|Any CPU = Release|Any CPU
	EndGlobalSection
	GlobalSection(ProjectConfigurationPlatforms) = postSolution
		{81964663-A2B9-4DF3-B5E4-73518684A74D}.Debug|Any CPU.ActiveCfg = Debug|Any CPU
		{81964663-A2B9-4DF3-B5E4-73518684A74D}.Debug|Any CPU.Build.0 = Debug|Any CPU
		{81964663-A2B9-4DF3-B5E4-73518684A74D}.Release|Any CPU.ActiveCfg = Release|Any CPU
		{81964663-A2B9-4DF3-B5E4-73518684A74D}.Release|Any CPU.Build.0 = Release|Any CPU
	EndGlobalSection
	GlobalSection(SolutionProperties) = preSolution
		HideSolutionNode = FALSE
	EndGlobalSection
	GlobalSection(ExtensibilityGlobals) = postSolution
		SolutionGuid = {1312A41C-20C4-44B7-9631-FA9DBC29E4E8}
	EndGlobalSection
EndGlobal
